// !$*UTF8*$!
{
	archiveVersion = 1;
	classes = {
	};
	objectVersion = 46;
	objects = {
/* Begin PBXBuildFile section */
		02B7279A4E5A4B8BAADDC91E /* CDVStatusBar.m in Sources */ = {isa = PBXBuildFile; fileRef = C271727561354D0897715B84 /* CDVStatusBar.m */; };
		088F484B83BF47668423EB31 /* CDVNotification.m in Sources */ = {isa = PBXBuildFile; fileRef = 3DDF50A578AE4174B12917BA /* CDVNotification.m */; };
		0ED96DC46EC049CA9038E8FA /* CDVAccelerometer.m in Sources */ = {isa = PBXBuildFile; fileRef = 4A093300A4FB4EBCA0BDC97A /* CDVAccelerometer.m */; };
		1833B58B03A94C41880FCD8C /* CDVBattery.m in Sources */ = {isa = PBXBuildFile; fileRef = 25D577B986264E218FCF507D /* CDVBattery.m */; };
		1D3623260D0F684500981E51 /* AppDelegate.m in Sources */ = {isa = PBXBuildFile; fileRef = 1D3623250D0F684500981E51 /* AppDelegate.m */; };
		1D60589B0D05DD56006BFB54 /* main.m in Sources */ = {isa = PBXBuildFile; fileRef = 29B97316FDCFA39411CA2CEA /* main.m */; };
		1F766FE113BBADB100FB74C0 /* Localizable.strings in Resources */ = {isa = PBXBuildFile; fileRef = 1F766FDC13BBADB100FB74C0 /* Localizable.strings */; };
		2400C765A68D42D48F6F9A0F /* SystemConfiguration.framework in Frameworks */ = {isa = PBXBuildFile; fileRef = 8F4C672A48334395BF203A70 /* SystemConfiguration.framework */; settings = {ATTRIBUTES = (Weak, ); }; };
		288765FD0DF74451002DB57D /* CoreGraphics.framework in Frameworks */ = {isa = PBXBuildFile; fileRef = 288765FC0DF74451002DB57D /* CoreGraphics.framework */; };
		28EEC709444848EC8E1E50DA /* CDVCapture.bundle in Resources */ = {isa = PBXBuildFile; fileRef = 432510D89F0D45B2ABA59A27 /* CDVCapture.bundle */; };
		2C399E9ED2924BDA84F86695 /* CDVLocation.m in Sources */ = {isa = PBXBuildFile; fileRef = 5A7298CE32DF4552B13FC728 /* CDVLocation.m */; };
		2E7DD625BBEA41B19DE58F98 /* CDVFile.m in Sources */ = {isa = PBXBuildFile; fileRef = 2CDD7FE503294E0E96FBC0FB /* CDVFile.m */; };
		301BF552109A68D80062928A /* libCordova.a in Frameworks */ = {isa = PBXBuildFile; fileRef = 301BF535109A57CC0062928A /* libCordova.a */; };
		302D95F114D2391D003F00A1 /* MainViewController.m in Sources */ = {isa = PBXBuildFile; fileRef = 302D95EF14D2391D003F00A1 /* MainViewController.m */; };
		302D95F214D2391D003F00A1 /* MainViewController.xib in Resources */ = {isa = PBXBuildFile; fileRef = 302D95F014D2391D003F00A1 /* MainViewController.xib */; };
		305D5FD1115AB8F900A74A75 /* MobileCoreServices.framework in Frameworks */ = {isa = PBXBuildFile; fileRef = 305D5FD0115AB8F900A74A75 /* MobileCoreServices.framework */; };
		3088BBBD154F3926009F9C59 /* Default-Landscape@2x~ipad.png in Resources */ = {isa = PBXBuildFile; fileRef = 3088BBB7154F3926009F9C59 /* Default-Landscape@2x~ipad.png */; };
		3088BBBE154F3926009F9C59 /* Default-Landscape~ipad.png in Resources */ = {isa = PBXBuildFile; fileRef = 3088BBB8154F3926009F9C59 /* Default-Landscape~ipad.png */; };
		3088BBBF154F3926009F9C59 /* Default-Portrait@2x~ipad.png in Resources */ = {isa = PBXBuildFile; fileRef = 3088BBB9154F3926009F9C59 /* Default-Portrait@2x~ipad.png */; };
		3088BBC0154F3926009F9C59 /* Default-Portrait~ipad.png in Resources */ = {isa = PBXBuildFile; fileRef = 3088BBBA154F3926009F9C59 /* Default-Portrait~ipad.png */; };
		3088BBC1154F3926009F9C59 /* Default@2x~iphone.png in Resources */ = {isa = PBXBuildFile; fileRef = 3088BBBB154F3926009F9C59 /* Default@2x~iphone.png */; };
		3088BBC2154F3926009F9C59 /* Default~iphone.png in Resources */ = {isa = PBXBuildFile; fileRef = 3088BBBC154F3926009F9C59 /* Default~iphone.png */; };
		308D05371370CCF300D202BF /* icon-72.png in Resources */ = {isa = PBXBuildFile; fileRef = 308D052E1370CCF300D202BF /* icon-72.png */; };
		308D05381370CCF300D202BF /* icon.png in Resources */ = {isa = PBXBuildFile; fileRef = 308D052F1370CCF300D202BF /* icon.png */; };
		308D05391370CCF300D202BF /* icon@2x.png in Resources */ = {isa = PBXBuildFile; fileRef = 308D05301370CCF300D202BF /* icon@2x.png */; };
		30FC414916E50CA1004E6F35 /* icon-72@2x.png in Resources */ = {isa = PBXBuildFile; fileRef = 30FC414816E50CA1004E6F35 /* icon-72@2x.png */; };
		35F240F79CA14BD18D65B94D /* CDVReachability.m in Sources */ = {isa = PBXBuildFile; fileRef = 15FEAE98B3BF4C3484FE20B8 /* CDVReachability.m */; };
		3850A4A85AF1466DB2E1FA7F /* ImageIO.framework in Frameworks */ = {isa = PBXBuildFile; fileRef = 7359A171A2904984B29C5D47 /* ImageIO.framework */; settings = {ATTRIBUTES = (Weak, ); }; };
		5B1594DD16A7569C00FEF299 /* AssetsLibrary.framework in Frameworks */ = {isa = PBXBuildFile; fileRef = 5B1594DC16A7569C00FEF299 /* AssetsLibrary.framework */; };
		5F3B5655CEA74D12B81B17F6 /* CoreMotion.framework in Frameworks */ = {isa = PBXBuildFile; fileRef = 85EC2E5F4E2A4CEE8084C1A7 /* CoreMotion.framework */; };
		60E363EAD5D94C1C99BA2C75 /* CDVDevice.m in Sources */ = {isa = PBXBuildFile; fileRef = EA14D02BA71C439C98412091 /* CDVDevice.m */; };
		69464E45972D4F95B7BE3761 /* CDVGlobalization.m in Sources */ = {isa = PBXBuildFile; fileRef = 4623F8D5EF3F4332A707A6CA /* CDVGlobalization.m */; };
		706D711DAB1A451AB0A85041 /* CDVCamera.m in Sources */ = {isa = PBXBuildFile; fileRef = 0A49D95793B947BB9B64D982 /* CDVCamera.m */; };
		76FAAC2D70714151814F1E3E /* CDVLogger.m in Sources */ = {isa = PBXBuildFile; fileRef = D9566DDF74D14911855638AA /* CDVLogger.m */; };
		7E7966E41810823500FA85AD /* icon-76.png in Resources */ = {isa = PBXBuildFile; fileRef = 7E7966DA1810823500FA85AD /* icon-76.png */; };
		864D53F8162D4DA8B3B204AD /* CDVContacts.m in Sources */ = {isa = PBXBuildFile; fileRef = 1530D68590894B6DAB8F2725 /* CDVContacts.m */; };
		922D85F40AD8491292E22E4A /* AudioToolbox.framework in Frameworks */ = {isa = PBXBuildFile; fileRef = D23A6A1AE54347239306DF50 /* AudioToolbox.framework */; settings = {ATTRIBUTES = (Weak, ); }; };
		974DCCA9CB5F4ABBAAEE1211 /* CDVContact.m in Sources */ = {isa = PBXBuildFile; fileRef = 8AD7D90FC68646CC8E8C60B9 /* CDVContact.m */; };
		9F5462BADD42478299ED1BCF /* CDVNotification.bundle in Resources */ = {isa = PBXBuildFile; fileRef = 528FCFB8495B42BF98C12F23 /* CDVNotification.bundle */; };
		A5E0EAE79F724C8291F4D56F /* CDVConnection.m in Sources */ = {isa = PBXBuildFile; fileRef = 010351CA33A7455291E961B1 /* CDVConnection.m */; };
		BC7E78F78B7F46DFA55337A6 /* CDVVibration.m in Sources */ = {isa = PBXBuildFile; fileRef = 4B7E792687D44D778F2DDC3E /* CDVVibration.m */; };
		C54FA9FC52004A1987AC3688 /* CDVAssetLibraryFilesystem.m in Sources */ = {isa = PBXBuildFile; fileRef = 0E77B6B6ECF847C383AFEA9A /* CDVAssetLibraryFilesystem.m */; };
		CAF71176168B4D81BE8D6449 /* CDVInAppBrowser.m in Sources */ = {isa = PBXBuildFile; fileRef = 3F39E34D7B23470E9B00E43C /* CDVInAppBrowser.m */; };
		CF58BFDB19DE9872001E131C /* Cordova.plist in Resources */ = {isa = PBXBuildFile; fileRef = CF58BFDA19DE9872001E131C /* Cordova.plist */; };
		CF58BFDD19DE9A7E001E131C /* ResourceRules.plist in Resources */ = {isa = PBXBuildFile; fileRef = CF58BFDC19DE9A7E001E131C /* ResourceRules.plist */; };
		CF6600B21A0116AF005F90AC /* icon-120.png in Resources */ = {isa = PBXBuildFile; fileRef = CF6600B11A0116AF005F90AC /* icon-120.png */; };
		CF6600B41A0116B6005F90AC /* icon-152.png in Resources */ = {isa = PBXBuildFile; fileRef = CF6600B31A0116B6005F90AC /* icon-152.png */; };
		CF6600B61A0116BD005F90AC /* iTunesArtwork in Resources */ = {isa = PBXBuildFile; fileRef = CF6600B51A0116BD005F90AC /* iTunesArtwork */; };
		CF9F3B351A00E2A400731BB8 /* Default-568h@2x.png in Resources */ = {isa = PBXBuildFile; fileRef = CF9F3B341A00E2A400731BB8 /* Default-568h@2x.png */; };
		CFA0CE7019E51D7B00FE5105 /* www in Resources */ = {isa = PBXBuildFile; fileRef = CFA0CE6F19E51D7B00FE5105 /* www */; };
		D5A0AB7D88BE4F6AA01A0D5A /* CDVSound.m in Sources */ = {isa = PBXBuildFile; fileRef = A8BF37821A994316ABF209F1 /* CDVSound.m */; };
		D82503B41BF24A3DB0F7CE70 /* CDVCompass.m in Sources */ = {isa = PBXBuildFile; fileRef = 672C3B2D634044C49C097AF0 /* CDVCompass.m */; };
		E28F1D144DDC47B4B5A84443 /* CDVJpegHeaderWriter.m in Sources */ = {isa = PBXBuildFile; fileRef = AAD2CD38F8D64364977D349E /* CDVJpegHeaderWriter.m */; };
		E2A271F2CE9E4444AE30FF7D /* CDVFileTransfer.m in Sources */ = {isa = PBXBuildFile; fileRef = 6FA1EF95648C4BA2A4FB70A6 /* CDVFileTransfer.m */; };
		E764AE6E71894A039531FDFF /* AddressBookUI.framework in Frameworks */ = {isa = PBXBuildFile; fileRef = 6E94F5E6E33A40CA8F09EE84 /* AddressBookUI.framework */; settings = {ATTRIBUTES = (Weak, ); }; };
		E9C70641E9F5406EA3558F74 /* CDVLocalFilesystem.m in Sources */ = {isa = PBXBuildFile; fileRef = 764D5F6BE31D47BEAA510A41 /* CDVLocalFilesystem.m */; };
		EEAC827A700640098501DEDA /* AddressBook.framework in Frameworks */ = {isa = PBXBuildFile; fileRef = 57697E9FB0134284B3D948F0 /* AddressBook.framework */; settings = {ATTRIBUTES = (Weak, ); }; };
		F91A5492B9D84422AE2D576B /* CoreLocation.framework in Frameworks */ = {isa = PBXBuildFile; fileRef = 53D8E2636ED9436991D61934 /* CoreLocation.framework */; };
		FFA4E3996B334F7C932C0CA6 /* CDVCapture.m in Sources */ = {isa = PBXBuildFile; fileRef = B1572363A0FF4206A4FBE42C /* CDVCapture.m */; };
/* End PBXBuildFile section */

/* Begin PBXContainerItemProxy section */
		301BF534109A57CC0062928A /* PBXContainerItemProxy */ = {
			isa = PBXContainerItemProxy;
			containerPortal = 301BF52D109A57CC0062928A /* CordovaLib.xcodeproj */;
			proxyType = 2;
			remoteGlobalIDString = D2AAC07E0554694100DB518D;
			remoteInfo = CordovaLib;
		};
		301BF550109A68C00062928A /* PBXContainerItemProxy */ = {
			isa = PBXContainerItemProxy;
			containerPortal = 301BF52D109A57CC0062928A /* CordovaLib.xcodeproj */;
			proxyType = 1;
			remoteGlobalIDString = D2AAC07D0554694100DB518D;
			remoteInfo = CordovaLib;
		};
/* End PBXContainerItemProxy section */

/* Begin PBXFileReference section */
		010351CA33A7455291E961B1 /* CDVConnection.m */ = {isa = PBXFileReference; fileEncoding = 4; lastKnownFileType = sourcecode.c.objc; name = CDVConnection.m; path = "org.apache.cordova.network-information/CDVConnection.m"; sourceTree = "<group>"; };
		0A49D95793B947BB9B64D982 /* CDVCamera.m */ = {isa = PBXFileReference; fileEncoding = 4; lastKnownFileType = sourcecode.c.objc; name = CDVCamera.m; path = org.apache.cordova.camera/CDVCamera.m; sourceTree = "<group>"; };
		0E77B6B6ECF847C383AFEA9A /* CDVAssetLibraryFilesystem.m */ = {isa = PBXFileReference; fileEncoding = 4; lastKnownFileType = sourcecode.c.objc; name = CDVAssetLibraryFilesystem.m; path = org.apache.cordova.file/CDVAssetLibraryFilesystem.m; sourceTree = "<group>"; };
		12A991C25C91405BAAB96CEE /* CDVLocation.h */ = {isa = PBXFileReference; fileEncoding = 4; lastKnownFileType = sourcecode.c.h; name = CDVLocation.h; path = org.apache.cordova.geolocation/CDVLocation.h; sourceTree = "<group>"; };
		1530D68590894B6DAB8F2725 /* CDVContacts.m */ = {isa = PBXFileReference; fileEncoding = 4; lastKnownFileType = sourcecode.c.objc; name = CDVContacts.m; path = org.apache.cordova.contacts/CDVContacts.m; sourceTree = "<group>"; };
		15FEAE98B3BF4C3484FE20B8 /* CDVReachability.m */ = {isa = PBXFileReference; fileEncoding = 4; lastKnownFileType = sourcecode.c.objc; name = CDVReachability.m; path = "org.apache.cordova.network-information/CDVReachability.m"; sourceTree = "<group>"; };
		1ADCA8E7F7C04D29A935364D /* CDVLogger.h */ = {isa = PBXFileReference; fileEncoding = 4; lastKnownFileType = sourcecode.c.h; name = CDVLogger.h; path = org.apache.cordova.console/CDVLogger.h; sourceTree = "<group>"; };
		1D3623240D0F684500981E51 /* AppDelegate.h */ = {isa = PBXFileReference; fileEncoding = 4; lastKnownFileType = sourcecode.c.h; path = AppDelegate.h; sourceTree = "<group>"; };
		1D3623250D0F684500981E51 /* AppDelegate.m */ = {isa = PBXFileReference; fileEncoding = 4; lastKnownFileType = sourcecode.c.objc; path = AppDelegate.m; sourceTree = "<group>"; };
		1D6058910D05DD3D006BFB54 /* ApplicationTemplate.app */ = {isa = PBXFileReference; explicitFileType = wrapper.application; includeInIndex = 0; path = ApplicationTemplate.app; sourceTree = BUILT_PRODUCTS_DIR; };
		1F766FDD13BBADB100FB74C0 /* en */ = {isa = PBXFileReference; lastKnownFileType = text.plist.strings; name = en; path = Localizable.strings; sourceTree = "<group>"; };
		21FA7AEA824A4324917193BF /* CDVAccelerometer.h */ = {isa = PBXFileReference; fileEncoding = 4; lastKnownFileType = sourcecode.c.h; name = CDVAccelerometer.h; path = "org.apache.cordova.device-motion/CDVAccelerometer.h"; sourceTree = "<group>"; };
		25D577B986264E218FCF507D /* CDVBattery.m */ = {isa = PBXFileReference; fileEncoding = 4; lastKnownFileType = sourcecode.c.objc; name = CDVBattery.m; path = "org.apache.cordova.battery-status/CDVBattery.m"; sourceTree = "<group>"; };
		288765FC0DF74451002DB57D /* CoreGraphics.framework */ = {isa = PBXFileReference; lastKnownFileType = wrapper.framework; name = CoreGraphics.framework; path = System/Library/Frameworks/CoreGraphics.framework; sourceTree = SDKROOT; };
		29B97316FDCFA39411CA2CEA /* main.m */ = {isa = PBXFileReference; fileEncoding = 4; lastKnownFileType = sourcecode.c.objc; path = main.m; sourceTree = "<group>"; };
		2CDD7FE503294E0E96FBC0FB /* CDVFile.m */ = {isa = PBXFileReference; fileEncoding = 4; lastKnownFileType = sourcecode.c.objc; name = CDVFile.m; path = org.apache.cordova.file/CDVFile.m; sourceTree = "<group>"; };
		301BF52D109A57CC0062928A /* CordovaLib.xcodeproj */ = {isa = PBXFileReference; lastKnownFileType = "wrapper.pb-project"; name = CordovaLib.xcodeproj; path = CordovaLib/CordovaLib.xcodeproj; sourceTree = "<group>"; };
		301BF56E109A69640062928A /* www */ = {isa = PBXFileReference; lastKnownFileType = folder; path = www; sourceTree = SOURCE_ROOT; };
		302D95EE14D2391D003F00A1 /* MainViewController.h */ = {isa = PBXFileReference; fileEncoding = 4; lastKnownFileType = sourcecode.c.h; path = MainViewController.h; sourceTree = "<group>"; };
		302D95EF14D2391D003F00A1 /* MainViewController.m */ = {isa = PBXFileReference; fileEncoding = 4; lastKnownFileType = sourcecode.c.objc; path = MainViewController.m; sourceTree = "<group>"; };
		302D95F014D2391D003F00A1 /* MainViewController.xib */ = {isa = PBXFileReference; fileEncoding = 4; lastKnownFileType = file.xib; path = MainViewController.xib; sourceTree = "<group>"; };
		305D5FD0115AB8F900A74A75 /* MobileCoreServices.framework */ = {isa = PBXFileReference; lastKnownFileType = wrapper.framework; name = MobileCoreServices.framework; path = System/Library/Frameworks/MobileCoreServices.framework; sourceTree = SDKROOT; };
		3088BBB7154F3926009F9C59 /* Default-Landscape@2x~ipad.png */ = {isa = PBXFileReference; lastKnownFileType = image.png; path = "Default-Landscape@2x~ipad.png"; sourceTree = "<group>"; };
		3088BBB8154F3926009F9C59 /* Default-Landscape~ipad.png */ = {isa = PBXFileReference; lastKnownFileType = image.png; path = "Default-Landscape~ipad.png"; sourceTree = "<group>"; };
		3088BBB9154F3926009F9C59 /* Default-Portrait@2x~ipad.png */ = {isa = PBXFileReference; lastKnownFileType = image.png; path = "Default-Portrait@2x~ipad.png"; sourceTree = "<group>"; };
		3088BBBA154F3926009F9C59 /* Default-Portrait~ipad.png */ = {isa = PBXFileReference; lastKnownFileType = image.png; path = "Default-Portrait~ipad.png"; sourceTree = "<group>"; };
		3088BBBB154F3926009F9C59 /* Default@2x~iphone.png */ = {isa = PBXFileReference; lastKnownFileType = image.png; path = "Default@2x~iphone.png"; sourceTree = "<group>"; };
		3088BBBC154F3926009F9C59 /* Default~iphone.png */ = {isa = PBXFileReference; lastKnownFileType = image.png; path = "Default~iphone.png"; sourceTree = "<group>"; };
		308D052E1370CCF300D202BF /* icon-72.png */ = {isa = PBXFileReference; lastKnownFileType = image.png; path = "icon-72.png"; sourceTree = "<group>"; };
		308D052F1370CCF300D202BF /* icon.png */ = {isa = PBXFileReference; lastKnownFileType = image.png; path = icon.png; sourceTree = "<group>"; };
		308D05301370CCF300D202BF /* icon@2x.png */ = {isa = PBXFileReference; lastKnownFileType = image.png; path = "icon@2x.png"; sourceTree = "<group>"; };
		30FC414816E50CA1004E6F35 /* icon-72@2x.png */ = {isa = PBXFileReference; lastKnownFileType = image.png; path = "icon-72@2x.png"; sourceTree = "<group>"; };
		313593AB263C416883C8DA8D /* CDVInAppBrowser.h */ = {isa = PBXFileReference; fileEncoding = 4; lastKnownFileType = sourcecode.c.h; name = CDVInAppBrowser.h; path = org.apache.cordova.inappbrowser/CDVInAppBrowser.h; sourceTree = "<group>"; };
		32CA4F630368D1EE00C91783 /* ApplicationTemplate-Prefix.pch */ = {isa = PBXFileReference; fileEncoding = 4; lastKnownFileType = sourcecode.c.h; path = "ApplicationTemplate-Prefix.pch"; sourceTree = "<group>"; };
		3DCE1C74047E4483AD025537 /* CDVBattery.h */ = {isa = PBXFileReference; fileEncoding = 4; lastKnownFileType = sourcecode.c.h; name = CDVBattery.h; path = "org.apache.cordova.battery-status/CDVBattery.h"; sourceTree = "<group>"; };
		3DDF50A578AE4174B12917BA /* CDVNotification.m */ = {isa = PBXFileReference; fileEncoding = 4; lastKnownFileType = sourcecode.c.objc; name = CDVNotification.m; path = org.apache.cordova.dialogs/CDVNotification.m; sourceTree = "<group>"; };
		3F39E34D7B23470E9B00E43C /* CDVInAppBrowser.m */ = {isa = PBXFileReference; fileEncoding = 4; lastKnownFileType = sourcecode.c.objc; name = CDVInAppBrowser.m; path = org.apache.cordova.inappbrowser/CDVInAppBrowser.m; sourceTree = "<group>"; };
		432510D89F0D45B2ABA59A27 /* CDVCapture.bundle */ = {isa = PBXFileReference; lastKnownFileType = "wrapper.plug-in"; path = CDVCapture.bundle; sourceTree = "<group>"; };
		4623F8D5EF3F4332A707A6CA /* CDVGlobalization.m */ = {isa = PBXFileReference; fileEncoding = 4; lastKnownFileType = sourcecode.c.objc; name = CDVGlobalization.m; path = org.apache.cordova.globalization/CDVGlobalization.m; sourceTree = "<group>"; };
		4A093300A4FB4EBCA0BDC97A /* CDVAccelerometer.m */ = {isa = PBXFileReference; fileEncoding = 4; lastKnownFileType = sourcecode.c.objc; name = CDVAccelerometer.m; path = "org.apache.cordova.device-motion/CDVAccelerometer.m"; sourceTree = "<group>"; };
		4B7E792687D44D778F2DDC3E /* CDVVibration.m */ = {isa = PBXFileReference; fileEncoding = 4; lastKnownFileType = sourcecode.c.objc; name = CDVVibration.m; path = org.apache.cordova.vibration/CDVVibration.m; sourceTree = "<group>"; };
		4C9DEFD6F22845BE8FF29D01 /* CDVCamera.h */ = {isa = PBXFileReference; fileEncoding = 4; lastKnownFileType = sourcecode.c.h; name = CDVCamera.h; path = org.apache.cordova.camera/CDVCamera.h; sourceTree = "<group>"; };
		4E317FCAAF1347CABDE0ECE0 /* CDVConnection.h */ = {isa = PBXFileReference; fileEncoding = 4; lastKnownFileType = sourcecode.c.h; name = CDVConnection.h; path = "org.apache.cordova.network-information/CDVConnection.h"; sourceTree = "<group>"; };
		528FCFB8495B42BF98C12F23 /* CDVNotification.bundle */ = {isa = PBXFileReference; lastKnownFileType = "wrapper.plug-in"; path = CDVNotification.bundle; sourceTree = "<group>"; };
		53D8E2636ED9436991D61934 /* CoreLocation.framework */ = {isa = PBXFileReference; fileEncoding = 4; lastKnownFileType = wrapper.framework; name = CoreLocation.framework; path = System/Library/Frameworks/CoreLocation.framework; sourceTree = SDKROOT; };
		57697E9FB0134284B3D948F0 /* AddressBook.framework */ = {isa = PBXFileReference; fileEncoding = 4; lastKnownFileType = wrapper.framework; name = AddressBook.framework; path = System/Library/Frameworks/AddressBook.framework; sourceTree = SDKROOT; };
		59EE904CC9E94A91A22212FC /* CDVCompass.h */ = {isa = PBXFileReference; fileEncoding = 4; lastKnownFileType = sourcecode.c.h; name = CDVCompass.h; path = "org.apache.cordova.device-orientation/CDVCompass.h"; sourceTree = "<group>"; };
		5A7298CE32DF4552B13FC728 /* CDVLocation.m */ = {isa = PBXFileReference; fileEncoding = 4; lastKnownFileType = sourcecode.c.objc; name = CDVLocation.m; path = org.apache.cordova.geolocation/CDVLocation.m; sourceTree = "<group>"; };
		5B1594DC16A7569C00FEF299 /* AssetsLibrary.framework */ = {isa = PBXFileReference; lastKnownFileType = wrapper.framework; name = AssetsLibrary.framework; path = System/Library/Frameworks/AssetsLibrary.framework; sourceTree = SDKROOT; };
		5E06EA7963A8446793A5CC6D /* CDVNotification.h */ = {isa = PBXFileReference; fileEncoding = 4; lastKnownFileType = sourcecode.c.h; name = CDVNotification.h; path = org.apache.cordova.dialogs/CDVNotification.h; sourceTree = "<group>"; };
		62FCD37832B147F29EF77269 /* CDVCapture.h */ = {isa = PBXFileReference; fileEncoding = 4; lastKnownFileType = sourcecode.c.h; name = CDVCapture.h; path = "org.apache.cordova.media-capture/CDVCapture.h"; sourceTree = "<group>"; };
		672C3B2D634044C49C097AF0 /* CDVCompass.m */ = {isa = PBXFileReference; fileEncoding = 4; lastKnownFileType = sourcecode.c.objc; name = CDVCompass.m; path = "org.apache.cordova.device-orientation/CDVCompass.m"; sourceTree = "<group>"; };
		693D9C37FDF64FE5BCA91EFD /* CDVAssetLibraryFilesystem.h */ = {isa = PBXFileReference; fileEncoding = 4; lastKnownFileType = sourcecode.c.h; name = CDVAssetLibraryFilesystem.h; path = org.apache.cordova.file/CDVAssetLibraryFilesystem.h; sourceTree = "<group>"; };
		6E94F5E6E33A40CA8F09EE84 /* AddressBookUI.framework */ = {isa = PBXFileReference; fileEncoding = 4; lastKnownFileType = wrapper.framework; name = AddressBookUI.framework; path = System/Library/Frameworks/AddressBookUI.framework; sourceTree = SDKROOT; };
		6FA1EF95648C4BA2A4FB70A6 /* CDVFileTransfer.m */ = {isa = PBXFileReference; fileEncoding = 4; lastKnownFileType = sourcecode.c.objc; name = CDVFileTransfer.m; path = "org.apache.cordova.file-transfer/CDVFileTransfer.m"; sourceTree = "<group>"; };
		7359A171A2904984B29C5D47 /* ImageIO.framework */ = {isa = PBXFileReference; fileEncoding = 4; lastKnownFileType = wrapper.framework; name = ImageIO.framework; path = System/Library/Frameworks/ImageIO.framework; sourceTree = SDKROOT; };
		75B41B55FD164C788F25F517 /* CDVExif.h */ = {isa = PBXFileReference; fileEncoding = 4; lastKnownFileType = sourcecode.c.h; name = CDVExif.h; path = org.apache.cordova.camera/CDVExif.h; sourceTree = "<group>"; };
		764D5F6BE31D47BEAA510A41 /* CDVLocalFilesystem.m */ = {isa = PBXFileReference; fileEncoding = 4; lastKnownFileType = sourcecode.c.objc; name = CDVLocalFilesystem.m; path = org.apache.cordova.file/CDVLocalFilesystem.m; sourceTree = "<group>"; };
		77883FA67C1F46B282E1102F /* CDVVibration.h */ = {isa = PBXFileReference; fileEncoding = 4; lastKnownFileType = sourcecode.c.h; name = CDVVibration.h; path = org.apache.cordova.vibration/CDVVibration.h; sourceTree = "<group>"; };
		779C2ECD55D842DF9D9C012C /* CDVStatusBar.h */ = {isa = PBXFileReference; fileEncoding = 4; lastKnownFileType = sourcecode.c.h; name = CDVStatusBar.h; path = com.phonegap.plugin.statusbar/CDVStatusBar.h; sourceTree = "<group>"; };
		7E7966DA1810823500FA85AD /* icon-76.png */ = {isa = PBXFileReference; lastKnownFileType = image.png; path = "icon-76.png"; sourceTree = "<group>"; };
		810490E426224DEBB02D7DDB /* CDVJpegHeaderWriter.h */ = {isa = PBXFileReference; fileEncoding = 4; lastKnownFileType = sourcecode.c.h; name = CDVJpegHeaderWriter.h; path = org.apache.cordova.camera/CDVJpegHeaderWriter.h; sourceTree = "<group>"; };
		818EA061B62C42178AC0C2B4 /* CDVFile.h */ = {isa = PBXFileReference; fileEncoding = 4; lastKnownFileType = sourcecode.c.h; name = CDVFile.h; path = org.apache.cordova.file/CDVFile.h; sourceTree = "<group>"; };
		85EC2E5F4E2A4CEE8084C1A7 /* CoreMotion.framework */ = {isa = PBXFileReference; fileEncoding = 4; lastKnownFileType = wrapper.framework; name = CoreMotion.framework; path = System/Library/Frameworks/CoreMotion.framework; sourceTree = SDKROOT; };
		8AD7D90FC68646CC8E8C60B9 /* CDVContact.m */ = {isa = PBXFileReference; fileEncoding = 4; lastKnownFileType = sourcecode.c.objc; name = CDVContact.m; path = org.apache.cordova.contacts/CDVContact.m; sourceTree = "<group>"; };
		8B2CEFA1290C49C1A9CF3AF4 /* CDVSplashScreen.h */ = {isa = PBXFileReference; fileEncoding = 4; lastKnownFileType = sourcecode.c.h; name = CDVSplashScreen.h; path = org.apache.cordova.splashscreen/CDVSplashScreen.h; sourceTree = "<group>"; };
		8D1107310486CEB800E47090 /* ApplicationTemplate-Info.plist */ = {isa = PBXFileReference; fileEncoding = 4; lastKnownFileType = text.plist.xml; name = "ApplicationTemplate-Info.plist"; path = "../ApplicationTemplate-Info.plist"; plistStructureDefinitionIdentifier = "com.apple.xcode.plist.structure-definition.iphone.info-plist"; sourceTree = "<group>"; };
		8ED76B995DAA47F59AB59CC8 /* CDVContact.h */ = {isa = PBXFileReference; fileEncoding = 4; lastKnownFileType = sourcecode.c.h; name = CDVContact.h; path = org.apache.cordova.contacts/CDVContact.h; sourceTree = "<group>"; };
		8F4C672A48334395BF203A70 /* SystemConfiguration.framework */ = {isa = PBXFileReference; fileEncoding = 4; lastKnownFileType = wrapper.framework; name = SystemConfiguration.framework; path = System/Library/Frameworks/SystemConfiguration.framework; sourceTree = SDKROOT; };
		A8BF37821A994316ABF209F1 /* CDVSound.m */ = {isa = PBXFileReference; fileEncoding = 4; lastKnownFileType = sourcecode.c.objc; name = CDVSound.m; path = org.apache.cordova.media/CDVSound.m; sourceTree = "<group>"; };
		AAD2CD38F8D64364977D349E /* CDVJpegHeaderWriter.m */ = {isa = PBXFileReference; fileEncoding = 4; lastKnownFileType = sourcecode.c.objc; name = CDVJpegHeaderWriter.m; path = org.apache.cordova.camera/CDVJpegHeaderWriter.m; sourceTree = "<group>"; };
		B1572363A0FF4206A4FBE42C /* CDVCapture.m */ = {isa = PBXFileReference; fileEncoding = 4; lastKnownFileType = sourcecode.c.objc; name = CDVCapture.m; path = "org.apache.cordova.media-capture/CDVCapture.m"; sourceTree = "<group>"; };
		C095ECDFE62B4B5187CCAD90 /* CDVLocalFilesystem.h */ = {isa = PBXFileReference; fileEncoding = 4; lastKnownFileType = sourcecode.c.h; name = CDVLocalFilesystem.h; path = org.apache.cordova.file/CDVLocalFilesystem.h; sourceTree = "<group>"; };
		C271727561354D0897715B84 /* CDVStatusBar.m */ = {isa = PBXFileReference; fileEncoding = 4; lastKnownFileType = sourcecode.c.objc; name = CDVStatusBar.m; path = com.phonegap.plugin.statusbar/CDVStatusBar.m; sourceTree = "<group>"; };
		C40AD2167D34443F95DAFF59 /* CDVReachability.h */ = {isa = PBXFileReference; fileEncoding = 4; lastKnownFileType = sourcecode.c.h; name = CDVReachability.h; path = "org.apache.cordova.network-information/CDVReachability.h"; sourceTree = "<group>"; };
		CC58C934FF9D4C86A5DA3345 /* CDVGlobalization.h */ = {isa = PBXFileReference; fileEncoding = 4; lastKnownFileType = sourcecode.c.h; name = CDVGlobalization.h; path = org.apache.cordova.globalization/CDVGlobalization.h; sourceTree = "<group>"; };
		CF58BFDA19DE9872001E131C /* Cordova.plist */ = {isa = PBXFileReference; fileEncoding = 4; lastKnownFileType = text.plist.xml; name = Cordova.plist; path = ApplicationTemplate/Cordova.plist; sourceTree = SOURCE_ROOT; };
		CF58BFDC19DE9A7E001E131C /* ResourceRules.plist */ = {isa = PBXFileReference; fileEncoding = 4; lastKnownFileType = text.plist.xml; path = ResourceRules.plist; sourceTree = SOURCE_ROOT; };
		CF6600B11A0116AF005F90AC /* icon-120.png */ = {isa = PBXFileReference; lastKnownFileType = image.png; path = "icon-120.png"; sourceTree = "<group>"; };
		CF6600B31A0116B6005F90AC /* icon-152.png */ = {isa = PBXFileReference; lastKnownFileType = image.png; path = "icon-152.png"; sourceTree = "<group>"; };
		CF6600B51A0116BD005F90AC /* iTunesArtwork */ = {isa = PBXFileReference; lastKnownFileType = file; path = iTunesArtwork; sourceTree = "<group>"; };
		CF9F3B341A00E2A400731BB8 /* Default-568h@2x.png */ = {isa = PBXFileReference; lastKnownFileType = image.png; path = "Default-568h@2x.png"; sourceTree = "<group>"; };
		CFA0CE6F19E51D7B00FE5105 /* www */ = {isa = PBXFileReference; lastKnownFileType = folder; path = www; sourceTree = "<group>"; };
		CFF029E5DDF74AE8AB2FC2C9 /* CDVSound.h */ = {isa = PBXFileReference; fileEncoding = 4; lastKnownFileType = sourcecode.c.h; name = CDVSound.h; path = org.apache.cordova.media/CDVSound.h; sourceTree = "<group>"; };
		D23A6A1AE54347239306DF50 /* AudioToolbox.framework */ = {isa = PBXFileReference; fileEncoding = 4; lastKnownFileType = wrapper.framework; name = AudioToolbox.framework; path = System/Library/Frameworks/AudioToolbox.framework; sourceTree = SDKROOT; };
		D9566DDF74D14911855638AA /* CDVLogger.m */ = {isa = PBXFileReference; fileEncoding = 4; lastKnownFileType = sourcecode.c.objc; name = CDVLogger.m; path = org.apache.cordova.console/CDVLogger.m; sourceTree = "<group>"; };
		DD06EF7DA1944D3CA0AC4459 /* CDVFileTransfer.h */ = {isa = PBXFileReference; fileEncoding = 4; lastKnownFileType = sourcecode.c.h; name = CDVFileTransfer.h; path = "org.apache.cordova.file-transfer/CDVFileTransfer.h"; sourceTree = "<group>"; };
		E0F2871FDBD045B3B0BAB90C /* CDVSplashScreen.m */ = {isa = PBXFileReference; fileEncoding = 4; lastKnownFileType = sourcecode.c.objc; name = CDVSplashScreen.m; path = org.apache.cordova.splashscreen/CDVSplashScreen.m; sourceTree = "<group>"; };
		E75B5824F1B747F582101A63 /* CDVDevice.h */ = {isa = PBXFileReference; fileEncoding = 4; lastKnownFileType = sourcecode.c.h; name = CDVDevice.h; path = org.apache.cordova.device/CDVDevice.h; sourceTree = "<group>"; };
		EA14D02BA71C439C98412091 /* CDVDevice.m */ = {isa = PBXFileReference; fileEncoding = 4; lastKnownFileType = sourcecode.c.objc; name = CDVDevice.m; path = org.apache.cordova.device/CDVDevice.m; sourceTree = "<group>"; };
		EB87FDF41871DAF40020F90C /* config.xml */ = {isa = PBXFileReference; lastKnownFileType = text.xml; name = config.xml; path = ../../config.xml; sourceTree = "<group>"; };
		F840E1F0165FE0F500CFE078 /* config.xml */ = {isa = PBXFileReference; lastKnownFileType = text.xml; name = config.xml; path = ApplicationTemplate/config.xml; sourceTree = "<group>"; };
		FEFC35F2CB6C4E0C88B12A8A /* CDVContacts.h */ = {isa = PBXFileReference; fileEncoding = 4; lastKnownFileType = sourcecode.c.h; name = CDVContacts.h; path = org.apache.cordova.contacts/CDVContacts.h; sourceTree = "<group>"; };
/* End PBXFileReference section */

/* Begin PBXFrameworksBuildPhase section */
		1D60588F0D05DD3D006BFB54 /* Frameworks */ = {
			isa = PBXFrameworksBuildPhase;
			buildActionMask = 2147483647;
			files = (
				5B1594DD16A7569C00FEF299 /* AssetsLibrary.framework in Frameworks */,
				301BF552109A68D80062928A /* libCordova.a in Frameworks */,
				288765FD0DF74451002DB57D /* CoreGraphics.framework in Frameworks */,
				305D5FD1115AB8F900A74A75 /* MobileCoreServices.framework in Frameworks */,
				3850A4A85AF1466DB2E1FA7F /* ImageIO.framework in Frameworks */,
				F91A5492B9D84422AE2D576B /* CoreLocation.framework in Frameworks */,
				EEAC827A700640098501DEDA /* AddressBook.framework in Frameworks */,
				E764AE6E71894A039531FDFF /* AddressBookUI.framework in Frameworks */,
				5F3B5655CEA74D12B81B17F6 /* CoreMotion.framework in Frameworks */,
				2400C765A68D42D48F6F9A0F /* SystemConfiguration.framework in Frameworks */,
				922D85F40AD8491292E22E4A /* AudioToolbox.framework in Frameworks */,
			);
			runOnlyForDeploymentPostprocessing = 0;
		};
/* End PBXFrameworksBuildPhase section */

/* Begin PBXGroup section */
		080E96DDFE201D6D7F000001 /* Classes */ = {
			isa = PBXGroup;
			children = (
				302D95EE14D2391D003F00A1 /* MainViewController.h */,
				302D95EF14D2391D003F00A1 /* MainViewController.m */,
				302D95F014D2391D003F00A1 /* MainViewController.xib */,
				1D3623240D0F684500981E51 /* AppDelegate.h */,
				1D3623250D0F684500981E51 /* AppDelegate.m */,
			);
			name = Classes;
			path = ApplicationTemplate/Classes;
			sourceTree = SOURCE_ROOT;
		};
		19C28FACFE9D520D11CA2CBB /* Products */ = {
			isa = PBXGroup;
			children = (
				1D6058910D05DD3D006BFB54 /* ApplicationTemplate.app */,
			);
			name = Products;
			sourceTree = "<group>";
		};
		1F766FDB13BBADB100FB74C0 /* en.lproj */ = {
			isa = PBXGroup;
			children = (
				1F766FDC13BBADB100FB74C0 /* Localizable.strings */,
			);
			path = en.lproj;
			sourceTree = "<group>";
		};
		29B97314FDCFA39411CA2CEA /* CustomTemplate */ = {
			isa = PBXGroup;
			children = (
				CFA0CE6F19E51D7B00FE5105 /* www */,
				EB87FDF41871DAF40020F90C /* config.xml */,
				EB87FDF11871DA420020F90C /* Staging */,
				301BF52D109A57CC0062928A /* CordovaLib.xcodeproj */,
				080E96DDFE201D6D7F000001 /* Classes */,
				307C750510C5A3420062BCA9 /* Plugins */,
				29B97315FDCFA39411CA2CEA /* Other Sources */,
				29B97317FDCFA39411CA2CEA /* Resources */,
				29B97323FDCFA39411CA2CEA /* Frameworks */,
				19C28FACFE9D520D11CA2CBB /* Products */,
			);
			name = CustomTemplate;
			sourceTree = "<group>";
		};
		29B97315FDCFA39411CA2CEA /* Other Sources */ = {
			isa = PBXGroup;
			children = (
				32CA4F630368D1EE00C91783 /* ApplicationTemplate-Prefix.pch */,
				29B97316FDCFA39411CA2CEA /* main.m */,
			);
			name = "Other Sources";
			path = ApplicationTemplate;
			sourceTree = "<group>";
		};
		29B97317FDCFA39411CA2CEA /* Resources */ = {
			isa = PBXGroup;
			children = (
				CF58BFDC19DE9A7E001E131C /* ResourceRules.plist */,
				CF58BFDA19DE9872001E131C /* Cordova.plist */,
				1F766FDB13BBADB100FB74C0 /* en.lproj */,
				308D052D1370CCF300D202BF /* icons */,
				308D05311370CCF300D202BF /* splash */,
				8D1107310486CEB800E47090 /* ApplicationTemplate-Info.plist */,
				432510D89F0D45B2ABA59A27 /* CDVCapture.bundle */,
				528FCFB8495B42BF98C12F23 /* CDVNotification.bundle */,
			);
			name = Resources;
			path = ApplicationTemplate/Resources;
			sourceTree = "<group>";
		};
		29B97323FDCFA39411CA2CEA /* Frameworks */ = {
			isa = PBXGroup;
			children = (
				5B1594DC16A7569C00FEF299 /* AssetsLibrary.framework */,
				288765FC0DF74451002DB57D /* CoreGraphics.framework */,
				305D5FD0115AB8F900A74A75 /* MobileCoreServices.framework */,
				7359A171A2904984B29C5D47 /* ImageIO.framework */,
				53D8E2636ED9436991D61934 /* CoreLocation.framework */,
				57697E9FB0134284B3D948F0 /* AddressBook.framework */,
				6E94F5E6E33A40CA8F09EE84 /* AddressBookUI.framework */,
				85EC2E5F4E2A4CEE8084C1A7 /* CoreMotion.framework */,
				8F4C672A48334395BF203A70 /* SystemConfiguration.framework */,
				D23A6A1AE54347239306DF50 /* AudioToolbox.framework */,
			);
			name = Frameworks;
			sourceTree = "<group>";
		};
		301BF52E109A57CC0062928A /* Products */ = {
			isa = PBXGroup;
			children = (
				301BF535109A57CC0062928A /* libCordova.a */,
			);
			name = Products;
			sourceTree = "<group>";
		};
		307C750510C5A3420062BCA9 /* Plugins */ = {
			isa = PBXGroup;
			children = (
				25D577B986264E218FCF507D /* CDVBattery.m */,
				3DCE1C74047E4483AD025537 /* CDVBattery.h */,
				0A49D95793B947BB9B64D982 /* CDVCamera.m */,
				AAD2CD38F8D64364977D349E /* CDVJpegHeaderWriter.m */,
				4C9DEFD6F22845BE8FF29D01 /* CDVCamera.h */,
				810490E426224DEBB02D7DDB /* CDVJpegHeaderWriter.h */,
				75B41B55FD164C788F25F517 /* CDVExif.h */,
				2CDD7FE503294E0E96FBC0FB /* CDVFile.m */,
				764D5F6BE31D47BEAA510A41 /* CDVLocalFilesystem.m */,
				0E77B6B6ECF847C383AFEA9A /* CDVAssetLibraryFilesystem.m */,
				818EA061B62C42178AC0C2B4 /* CDVFile.h */,
				C095ECDFE62B4B5187CCAD90 /* CDVLocalFilesystem.h */,
				693D9C37FDF64FE5BCA91EFD /* CDVAssetLibraryFilesystem.h */,
				B1572363A0FF4206A4FBE42C /* CDVCapture.m */,
				62FCD37832B147F29EF77269 /* CDVCapture.h */,
				D9566DDF74D14911855638AA /* CDVLogger.m */,
				1ADCA8E7F7C04D29A935364D /* CDVLogger.h */,
				1530D68590894B6DAB8F2725 /* CDVContacts.m */,
				8AD7D90FC68646CC8E8C60B9 /* CDVContact.m */,
				FEFC35F2CB6C4E0C88B12A8A /* CDVContacts.h */,
				8ED76B995DAA47F59AB59CC8 /* CDVContact.h */,
				EA14D02BA71C439C98412091 /* CDVDevice.m */,
				E75B5824F1B747F582101A63 /* CDVDevice.h */,
				4A093300A4FB4EBCA0BDC97A /* CDVAccelerometer.m */,
				21FA7AEA824A4324917193BF /* CDVAccelerometer.h */,
				672C3B2D634044C49C097AF0 /* CDVCompass.m */,
				59EE904CC9E94A91A22212FC /* CDVCompass.h */,
				6FA1EF95648C4BA2A4FB70A6 /* CDVFileTransfer.m */,
				DD06EF7DA1944D3CA0AC4459 /* CDVFileTransfer.h */,
				5A7298CE32DF4552B13FC728 /* CDVLocation.m */,
				12A991C25C91405BAAB96CEE /* CDVLocation.h */,
				4623F8D5EF3F4332A707A6CA /* CDVGlobalization.m */,
				CC58C934FF9D4C86A5DA3345 /* CDVGlobalization.h */,
				3F39E34D7B23470E9B00E43C /* CDVInAppBrowser.m */,
				313593AB263C416883C8DA8D /* CDVInAppBrowser.h */,
				A8BF37821A994316ABF209F1 /* CDVSound.m */,
				CFF029E5DDF74AE8AB2FC2C9 /* CDVSound.h */,
				010351CA33A7455291E961B1 /* CDVConnection.m */,
				15FEAE98B3BF4C3484FE20B8 /* CDVReachability.m */,
				4E317FCAAF1347CABDE0ECE0 /* CDVConnection.h */,
				C40AD2167D34443F95DAFF59 /* CDVReachability.h */,
				3DDF50A578AE4174B12917BA /* CDVNotification.m */,
				5E06EA7963A8446793A5CC6D /* CDVNotification.h */,
				E0F2871FDBD045B3B0BAB90C /* CDVSplashScreen.m */,
				8B2CEFA1290C49C1A9CF3AF4 /* CDVSplashScreen.h */,
				4B7E792687D44D778F2DDC3E /* CDVVibration.m */,
				77883FA67C1F46B282E1102F /* CDVVibration.h */,
				C271727561354D0897715B84 /* CDVStatusBar.m */,
				779C2ECD55D842DF9D9C012C /* CDVStatusBar.h */,
			);
			name = Plugins;
			path = ApplicationTemplate/Plugins;
			sourceTree = SOURCE_ROOT;
		};
		308D052D1370CCF300D202BF /* icons */ = {
			isa = PBXGroup;
			children = (
				CF6600B51A0116BD005F90AC /* iTunesArtwork */,
				CF6600B31A0116B6005F90AC /* icon-152.png */,
				CF6600B11A0116AF005F90AC /* icon-120.png */,
				7E7966DA1810823500FA85AD /* icon-76.png */,
				30FC414816E50CA1004E6F35 /* icon-72@2x.png */,
				308D052E1370CCF300D202BF /* icon-72.png */,
				308D052F1370CCF300D202BF /* icon.png */,
				308D05301370CCF300D202BF /* icon@2x.png */,
			);
			path = icons;
			sourceTree = "<group>";
		};
		308D05311370CCF300D202BF /* splash */ = {
			isa = PBXGroup;
			children = (
				CF9F3B341A00E2A400731BB8 /* Default-568h@2x.png */,
				3088BBB7154F3926009F9C59 /* Default-Landscape@2x~ipad.png */,
				3088BBB8154F3926009F9C59 /* Default-Landscape~ipad.png */,
				3088BBB9154F3926009F9C59 /* Default-Portrait@2x~ipad.png */,
				3088BBBA154F3926009F9C59 /* Default-Portrait~ipad.png */,
				3088BBBB154F3926009F9C59 /* Default@2x~iphone.png */,
				3088BBBC154F3926009F9C59 /* Default~iphone.png */,
			);
			path = splash;
			sourceTree = "<group>";
		};
		EB87FDF11871DA420020F90C /* Staging */ = {
			isa = PBXGroup;
			children = (
				F840E1F0165FE0F500CFE078 /* config.xml */,
				301BF56E109A69640062928A /* www */,
			);
			name = Staging;
			sourceTree = "<group>";
		};
/* End PBXGroup section */

/* Begin PBXNativeTarget section */
		1D6058900D05DD3D006BFB54 /* ApplicationTemplate */ = {
			isa = PBXNativeTarget;
			buildConfigurationList = 1D6058960D05DD3E006BFB54 /* Build configuration list for PBXNativeTarget "ApplicationTemplate" */;
			buildPhases = (
				304B58A110DAC018002A0835 /* Copy www directory */,
				1D60588D0D05DD3D006BFB54 /* Resources */,
				1D60588E0D05DD3D006BFB54 /* Sources */,
				1D60588F0D05DD3D006BFB54 /* Frameworks */,
			);
			buildRules = (
			);
			dependencies = (
				301BF551109A68C00062928A /* PBXTargetDependency */,
			);
			name = ApplicationTemplate;
			productName = ApplicationTemplate;
			productReference = 1D6058910D05DD3D006BFB54 /* ApplicationTemplate.app */;
			productType = "com.apple.product-type.application";
		};
/* End PBXNativeTarget section */

/* Begin PBXProject section */
		29B97313FDCFA39411CA2CEA /* Project object */ = {
			isa = PBXProject;
			attributes = {
				LastUpgradeCheck = 510;
				TargetAttributes = {
					1D6058900D05DD3D006BFB54 = {
						DevelopmentTeam = UA69PNBN6P;
					};
				};
			};
			buildConfigurationList = C01FCF4E08A954540054247B /* Build configuration list for PBXProject "ApplicationTemplate" */;
			compatibilityVersion = "Xcode 3.2";
			developmentRegion = English;
			hasScannedForEncodings = 1;
			knownRegions = (
				English,
				Japanese,
				French,
				German,
				en,
				es,
				de,
				se,
			);
			mainGroup = 29B97314FDCFA39411CA2CEA /* CustomTemplate */;
			projectDirPath = "";
			projectReferences = (
				{
					ProductGroup = 301BF52E109A57CC0062928A /* Products */;
					ProjectRef = 301BF52D109A57CC0062928A /* CordovaLib.xcodeproj */;
				},
			);
			projectRoot = "";
			targets = (
				1D6058900D05DD3D006BFB54 /* ApplicationTemplate */,
			);
		};
/* End PBXProject section */

/* Begin PBXReferenceProxy section */
		301BF535109A57CC0062928A /* libCordova.a */ = {
			isa = PBXReferenceProxy;
			fileType = archive.ar;
			path = libCordova.a;
			remoteRef = 301BF534109A57CC0062928A /* PBXContainerItemProxy */;
			sourceTree = BUILT_PRODUCTS_DIR;
		};
/* End PBXReferenceProxy section */

/* Begin PBXResourcesBuildPhase section */
		1D60588D0D05DD3D006BFB54 /* Resources */ = {
			isa = PBXResourcesBuildPhase;
			buildActionMask = 2147483647;
			files = (
				7E7966E41810823500FA85AD /* icon-76.png in Resources */,
				308D05371370CCF300D202BF /* icon-72.png in Resources */,
				308D05381370CCF300D202BF /* icon.png in Resources */,
				308D05391370CCF300D202BF /* icon@2x.png in Resources */,
				1F766FE113BBADB100FB74C0 /* Localizable.strings in Resources */,
				302D95F214D2391D003F00A1 /* MainViewController.xib in Resources */,
				CF6600B41A0116B6005F90AC /* icon-152.png in Resources */,
				3088BBBD154F3926009F9C59 /* Default-Landscape@2x~ipad.png in Resources */,
				CF6600B21A0116AF005F90AC /* icon-120.png in Resources */,
				3088BBBE154F3926009F9C59 /* Default-Landscape~ipad.png in Resources */,
				3088BBBF154F3926009F9C59 /* Default-Portrait@2x~ipad.png in Resources */,
				3088BBC0154F3926009F9C59 /* Default-Portrait~ipad.png in Resources */,
				CF58BFDB19DE9872001E131C /* Cordova.plist in Resources */,
				3088BBC1154F3926009F9C59 /* Default@2x~iphone.png in Resources */,
				CF9F3B351A00E2A400731BB8 /* Default-568h@2x.png in Resources */,
				CF58BFDD19DE9A7E001E131C /* ResourceRules.plist in Resources */,
				3088BBC2154F3926009F9C59 /* Default~iphone.png in Resources */,
				30FC414916E50CA1004E6F35 /* icon-72@2x.png in Resources */,
				28EEC709444848EC8E1E50DA /* CDVCapture.bundle in Resources */,
				CF6600B61A0116BD005F90AC /* iTunesArtwork in Resources */,
				9F5462BADD42478299ED1BCF /* CDVNotification.bundle in Resources */,
				CFA0CE7019E51D7B00FE5105 /* www in Resources */,
			);
			runOnlyForDeploymentPostprocessing = 0;
		};
/* End PBXResourcesBuildPhase section */

/* Begin PBXShellScriptBuildPhase section */
		304B58A110DAC018002A0835 /* Copy www directory */ = {
			isa = PBXShellScriptBuildPhase;
			buildActionMask = 2147483647;
			files = (
			);
			inputPaths = (
			);
			name = "Copy www directory";
			outputPaths = (
			);
			runOnlyForDeploymentPostprocessing = 0;
			shellPath = /bin/sh;
			shellScript = "cordova/lib/copy-www-build-step.sh";
			showEnvVarsInLog = 0;
		};
/* End PBXShellScriptBuildPhase section */

/* Begin PBXSourcesBuildPhase section */
		1D60588E0D05DD3D006BFB54 /* Sources */ = {
			isa = PBXSourcesBuildPhase;
			buildActionMask = 2147483647;
			files = (
				1D60589B0D05DD56006BFB54 /* main.m in Sources */,
				1D3623260D0F684500981E51 /* AppDelegate.m in Sources */,
				302D95F114D2391D003F00A1 /* MainViewController.m in Sources */,
				1833B58B03A94C41880FCD8C /* CDVBattery.m in Sources */,
				706D711DAB1A451AB0A85041 /* CDVCamera.m in Sources */,
				E28F1D144DDC47B4B5A84443 /* CDVJpegHeaderWriter.m in Sources */,
				2E7DD625BBEA41B19DE58F98 /* CDVFile.m in Sources */,
				E9C70641E9F5406EA3558F74 /* CDVLocalFilesystem.m in Sources */,
				C54FA9FC52004A1987AC3688 /* CDVAssetLibraryFilesystem.m in Sources */,
				FFA4E3996B334F7C932C0CA6 /* CDVCapture.m in Sources */,
				76FAAC2D70714151814F1E3E /* CDVLogger.m in Sources */,
				864D53F8162D4DA8B3B204AD /* CDVContacts.m in Sources */,
				974DCCA9CB5F4ABBAAEE1211 /* CDVContact.m in Sources */,
				60E363EAD5D94C1C99BA2C75 /* CDVDevice.m in Sources */,
				0ED96DC46EC049CA9038E8FA /* CDVAccelerometer.m in Sources */,
				D82503B41BF24A3DB0F7CE70 /* CDVCompass.m in Sources */,
				E2A271F2CE9E4444AE30FF7D /* CDVFileTransfer.m in Sources */,
				2C399E9ED2924BDA84F86695 /* CDVLocation.m in Sources */,
				69464E45972D4F95B7BE3761 /* CDVGlobalization.m in Sources */,
				CAF71176168B4D81BE8D6449 /* CDVInAppBrowser.m in Sources */,
				D5A0AB7D88BE4F6AA01A0D5A /* CDVSound.m in Sources */,
				A5E0EAE79F724C8291F4D56F /* CDVConnection.m in Sources */,
				35F240F79CA14BD18D65B94D /* CDVReachability.m in Sources */,
				088F484B83BF47668423EB31 /* CDVNotification.m in Sources */,
				BC7E78F78B7F46DFA55337A6 /* CDVVibration.m in Sources */,
				02B7279A4E5A4B8BAADDC91E /* CDVStatusBar.m in Sources */,
			);
			runOnlyForDeploymentPostprocessing = 0;
		};
/* End PBXSourcesBuildPhase section */

/* Begin PBXTargetDependency section */
		301BF551109A68C00062928A /* PBXTargetDependency */ = {
			isa = PBXTargetDependency;
			name = CordovaLib;
			targetProxy = 301BF550109A68C00062928A /* PBXContainerItemProxy */;
		};
/* End PBXTargetDependency section */

/* Begin PBXVariantGroup section */
		1F766FDC13BBADB100FB74C0 /* Localizable.strings */ = {
			isa = PBXVariantGroup;
			children = (
				1F766FDD13BBADB100FB74C0 /* en */,
			);
			name = Localizable.strings;
			sourceTree = "<group>";
		};
/* End PBXVariantGroup section */

/* Begin XCBuildConfiguration section */
		1D6058940D05DD3E006BFB54 /* Debug */ = {
			isa = XCBuildConfiguration;
			buildSettings = {
				ALWAYS_SEARCH_USER_PATHS = NO;
				CLANG_ENABLE_OBJC_ARC = YES;
				CODE_SIGN_IDENTITY = "iPhone Developer";
				"CODE_SIGN_IDENTITY[sdk=iphoneos*]" = "iPhone Developer";
				CODE_SIGN_RESOURCE_RULES_PATH = ResourceRules.plist;
				COPY_PHASE_STRIP = NO;
				GCC_DYNAMIC_NO_PIC = NO;
				GCC_OPTIMIZATION_LEVEL = 0;
				GCC_PRECOMPILE_PREFIX_HEADER = YES;
				GCC_PREFIX_HEADER = "ApplicationTemplate/ApplicationTemplate-Prefix.pch";
				GCC_THUMB_SUPPORT = NO;
				GCC_VERSION = "";
				INFOPLIST_FILE = "ApplicationTemplate/ApplicationTemplate-Info.plist";
				INFOPLIST_OUTPUT_FORMAT = XML;
				IPHONEOS_DEPLOYMENT_TARGET = 6.0;
				OTHER_LDFLAGS = (
					"-weak_framework",
					CoreFoundation,
					"-weak_framework",
					UIKit,
					"-weak_framework",
					AVFoundation,
					"-weak_framework",
					CoreMedia,
					"-weak-lSystem",
					"-force_load",
					"\"$(BUILT_PRODUCTS_DIR)/libCordova.a\"",
					"-ObjC",
				);
				PLIST_FILE_OUTPUT_FORMAT = XML;
				PRODUCT_NAME = ApplicationTemplate;
				PROVISIONING_PROFILE = "";
				TARGETED_DEVICE_FAMILY = "1,2";
				VALID_ARCHS = "i386 armv7 arm64";
			};
			name = Debug;
		};
		1D6058950D05DD3E006BFB54 /* Release */ = {
			isa = XCBuildConfiguration;
			buildSettings = {
				ALWAYS_SEARCH_USER_PATHS = NO;
				CLANG_ENABLE_OBJC_ARC = YES;
				CODE_SIGN_IDENTITY = "iPhone Developer";
				"CODE_SIGN_IDENTITY[sdk=iphoneos*]" = "iPhone Developer";
				CODE_SIGN_RESOURCE_RULES_PATH = ResourceRules.plist;
				COPY_PHASE_STRIP = YES;
				GCC_PRECOMPILE_PREFIX_HEADER = YES;
				GCC_PREFIX_HEADER = "ApplicationTemplate/ApplicationTemplate-Prefix.pch";
				GCC_THUMB_SUPPORT = NO;
				GCC_VERSION = "";
				INFOPLIST_FILE = "ApplicationTemplate/ApplicationTemplate-Info.plist";
				INFOPLIST_OUTPUT_FORMAT = XML;
				IPHONEOS_DEPLOYMENT_TARGET = 6.0;
				OTHER_LDFLAGS = (
					"-weak_framework",
					CoreFoundation,
					"-weak_framework",
					UIKit,
					"-weak_framework",
					AVFoundation,
					"-weak_framework",
					CoreMedia,
					"-weak-lSystem",
					"-force_load",
					"\"$(BUILT_PRODUCTS_DIR)/libCordova.a\"",
					"-ObjC",
				);
				PLIST_FILE_OUTPUT_FORMAT = XML;
				PRODUCT_NAME = ApplicationTemplate;
				PROVISIONING_PROFILE = "";
				TARGETED_DEVICE_FAMILY = "1,2";
				VALID_ARCHS = "i386 armv7 arm64";
			};
			name = Release;
		};
		C01FCF4F08A954540054247B /* Debug */ = {
			isa = XCBuildConfiguration;
			buildSettings = {
				CLANG_ENABLE_OBJC_ARC = YES;
				CLANG_WARN_BOOL_CONVERSION = YES;
				CLANG_WARN_CONSTANT_CONVERSION = YES;
				CLANG_WARN_EMPTY_BODY = YES;
				CLANG_WARN_ENUM_CONVERSION = YES;
				CLANG_WARN_INT_CONVERSION = YES;
				CLANG_WARN__DUPLICATE_METHOD_MATCH = YES;
				"CODE_SIGN_IDENTITY[sdk=iphoneos*]" = "iPhone Developer";
				GCC_C_LANGUAGE_STANDARD = c99;
				GCC_THUMB_SUPPORT = NO;
				GCC_VERSION = "";
				GCC_WARN_ABOUT_RETURN_TYPE = YES;
				GCC_WARN_UNDECLARED_SELECTOR = YES;
				GCC_WARN_UNINITIALIZED_AUTOS = YES;
				GCC_WARN_UNUSED_FUNCTION = YES;
				GCC_WARN_UNUSED_VARIABLE = YES;
				HEADER_SEARCH_PATHS = (
					"\"$(TARGET_BUILD_DIR)/usr/local/lib/include\"",
					"\"$(OBJROOT)/UninstalledProducts/include\"",
					"\"$(BUILT_PRODUCTS_DIR)\"",
				);
				IPHONEOS_DEPLOYMENT_TARGET = 6.0;
				ONLY_ACTIVE_ARCH = YES;
				OTHER_LDFLAGS = (
					"-weak_framework",
					CoreFoundation,
					"-weak_framework",
					UIKit,
					"-weak_framework",
					AVFoundation,
					"-weak_framework",
					CoreMedia,
					"-weak-lSystem",
					"-force_load",
					"\"$(BUILT_PRODUCTS_DIR)/libCordova.a\"",
					"-ObjC",
				);
				SDKROOT = iphoneos;
				SKIP_INSTALL = NO;
				USER_HEADER_SEARCH_PATHS = "";
			};
			name = Debug;
		};
		C01FCF5008A954540054247B /* Release */ = {
			isa = XCBuildConfiguration;
			buildSettings = {
				CLANG_ENABLE_OBJC_ARC = YES;
				CLANG_WARN_BOOL_CONVERSION = YES;
				CLANG_WARN_CONSTANT_CONVERSION = YES;
				CLANG_WARN_EMPTY_BODY = YES;
				CLANG_WARN_ENUM_CONVERSION = YES;
				CLANG_WARN_INT_CONVERSION = YES;
				CLANG_WARN__DUPLICATE_METHOD_MATCH = YES;
				"CODE_SIGN_IDENTITY[sdk=iphoneos*]" = "iPhone Developer";
				GCC_C_LANGUAGE_STANDARD = c99;
				GCC_THUMB_SUPPORT = NO;
				GCC_VERSION = "";
				GCC_WARN_ABOUT_RETURN_TYPE = YES;
				GCC_WARN_UNDECLARED_SELECTOR = YES;
				GCC_WARN_UNINITIALIZED_AUTOS = YES;
				GCC_WARN_UNUSED_FUNCTION = YES;
				GCC_WARN_UNUSED_VARIABLE = YES;
				HEADER_SEARCH_PATHS = (
					"\"$(TARGET_BUILD_DIR)/usr/local/lib/include\"",
					"\"$(OBJROOT)/UninstalledProducts/include\"",
					"\"$(BUILT_PRODUCTS_DIR)\"",
				);
				IPHONEOS_DEPLOYMENT_TARGET = 6.0;
				OTHER_LDFLAGS = (
					"-weak_framework",
					CoreFoundation,
					"-weak_framework",
					UIKit,
					"-weak_framework",
					AVFoundation,
					"-weak_framework",
					CoreMedia,
					"-weak-lSystem",
					"-force_load",
					"\"$(BUILT_PRODUCTS_DIR)/libCordova.a\"",
					"-ObjC",
				);
				SDKROOT = iphoneos;
				SKIP_INSTALL = NO;
				USER_HEADER_SEARCH_PATHS = "";
			};
			name = Release;
		};
/* End XCBuildConfiguration section */

/* Begin XCConfigurationList section */
		1D6058960D05DD3E006BFB54 /* Build configuration list for PBXNativeTarget "ApplicationTemplate" */ = {
			isa = XCConfigurationList;
			buildConfigurations = (
				1D6058940D05DD3E006BFB54 /* Debug */,
				1D6058950D05DD3E006BFB54 /* Release */,
			);
			defaultConfigurationIsVisible = 0;
			defaultConfigurationName = Release;
		};
		C01FCF4E08A954540054247B /* Build configuration list for PBXProject "ApplicationTemplate" */ = {
			isa = XCConfigurationList;
			buildConfigurations = (
				C01FCF4F08A954540054247B /* Debug */,
				C01FCF5008A954540054247B /* Release */,
			);
			defaultConfigurationIsVisible = 0;
			defaultConfigurationName = Release;
		};
/* End XCConfigurationList section */
	};
	rootObject = 29B97313FDCFA39411CA2CEA /* Project object */;
}
